
Microsoft Visual Studio Solution File, Format Version 12.00
# Visual Studio Version 17
VisualStudioVersion = 17.5.33516.290
MinimumVisualStudioVersion = 10.0.40219.1
Project("{FAE04EC0-301F-11D3-BF4B-00C04F79EFBC}") = "TD6 GIT", "TD6 GIT\TD6 GIT.csproj", "{67FA764E-8586-4465-94D3-F390D378126B}"
EndProject
Global
	GlobalSection(SolutionConfigurationPlatforms) = preSolution
		Debug|Any CPU = Debug|Any CPU
		Release|Any CPU = Release|Any CPU
	EndGlobalSection
	GlobalSection(ProjectConfigurationPlatforms) = postSolution
		{67FA764E-8586-4465-94D3-F390D378126B}.Debug|Any CPU.ActiveCfg = Debug|Any CPU
		{67FA764E-8586-4465-94D3-F390D378126B}.Debug|Any CPU.Build.0 = Debug|Any CPU
		{67FA764E-8586-4465-94D3-F390D378126B}.Release|Any CPU.ActiveCfg = Release|Any CPU
		{67FA764E-8586-4465-94D3-F390D378126B}.Release|Any CPU.Build.0 = Release|Any CPU
	EndGlobalSection
	GlobalSection(SolutionProperties) = preSolution
		HideSolutionNode = FALSE
	EndGlobalSection
	GlobalSection(ExtensibilityGlobals) = postSolution
		SolutionGuid = {E9626EA6-CB01-4E27-AEE7-3C8FDE75903E}
	EndGlobalSection
EndGlobal
